
Microsoft Visual Studio Solution File, Format Version 12.00
# Visual Studio 2012
Project("{FAE04EC0-301F-11D3-BF4B-00C04F79EFBC}") = "ShopBackEnd.MvcApplication", "ShopBackEnd.MvcApplication\ShopBackEnd.MvcApplication.csproj", "{D74DED57-2313-4B6E-A710-926ED3265A04}"
EndProject
Project("{FAE04EC0-301F-11D3-BF4B-00C04F79EFBC}") = "ShopBackEnd.MvcApplication.Tests", "ShopBackEnd.MvcApplication.Tests\ShopBackEnd.MvcApplication.Tests.csproj", "{BC5BD743-CE24-4269-B9CB-156C26862DC0}"
EndProject
Project("{FAE04EC0-301F-11D3-BF4B-00C04F79EFBC}") = "ShopBackEnd.Model", "ShopBackEnd.Model\ShopBackEnd.Model.csproj", "{C1641B52-44F8-49D3-B71B-8274987D7DBD}"
EndProject
Project("{FAE04EC0-301F-11D3-BF4B-00C04F79EFBC}") = "ShopBackEnd.Repository", "ShopBackEnd.Repository\ShopBackEnd.Repository.csproj", "{E1625F06-E3E3-4326-BB70-162F980EA39B}"
EndProject
Project("{FAE04EC0-301F-11D3-BF4B-00C04F79EFBC}") = "ShopBackEnd.Business", "ShopBackEnd.Business\ShopBackEnd.Business.csproj", "{FB740050-C867-4D2B-8055-B168978F2600}"
EndProject
Project("{FAE04EC0-301F-11D3-BF4B-00C04F79EFBC}") = "ShopBackEnd.Common", "ShopBackEnd.Common\ShopBackEnd.Common.csproj", "{6B7905FF-4477-464B-A0C1-591B6AF9A80B}"
EndProject
Global
	GlobalSection(SolutionConfigurationPlatforms) = preSolution
		Debug|Any CPU = Debug|Any CPU
		Release|Any CPU = Release|Any CPU
	EndGlobalSection
	GlobalSection(ProjectConfigurationPlatforms) = postSolution
		{D74DED57-2313-4B6E-A710-926ED3265A04}.Debug|Any CPU.ActiveCfg = Debug|Any CPU
		{D74DED57-2313-4B6E-A710-926ED3265A04}.Debug|Any CPU.Build.0 = Debug|Any CPU
		{D74DED57-2313-4B6E-A710-926ED3265A04}.Release|Any CPU.ActiveCfg = Release|Any CPU
		{D74DED57-2313-4B6E-A710-926ED3265A04}.Release|Any CPU.Build.0 = Release|Any CPU
		{BC5BD743-CE24-4269-B9CB-156C26862DC0}.Debug|Any CPU.ActiveCfg = Debug|Any CPU
		{BC5BD743-CE24-4269-B9CB-156C26862DC0}.Debug|Any CPU.Build.0 = Debug|Any CPU
		{BC5BD743-CE24-4269-B9CB-156C26862DC0}.Release|Any CPU.ActiveCfg = Release|Any CPU
		{BC5BD743-CE24-4269-B9CB-156C26862DC0}.Release|Any CPU.Build.0 = Release|Any CPU
		{C1641B52-44F8-49D3-B71B-8274987D7DBD}.Debug|Any CPU.ActiveCfg = Debug|Any CPU
		{C1641B52-44F8-49D3-B71B-8274987D7DBD}.Debug|Any CPU.Build.0 = Debug|Any CPU
		{C1641B52-44F8-49D3-B71B-8274987D7DBD}.Release|Any CPU.ActiveCfg = Release|Any CPU
		{C1641B52-44F8-49D3-B71B-8274987D7DBD}.Release|Any CPU.Build.0 = Release|Any CPU
		{E1625F06-E3E3-4326-BB70-162F980EA39B}.Debug|Any CPU.ActiveCfg = Debug|Any CPU
		{E1625F06-E3E3-4326-BB70-162F980EA39B}.Debug|Any CPU.Build.0 = Debug|Any CPU
		{E1625F06-E3E3-4326-BB70-162F980EA39B}.Release|Any CPU.ActiveCfg = Release|Any CPU
		{E1625F06-E3E3-4326-BB70-162F980EA39B}.Release|Any CPU.Build.0 = Release|Any CPU
		{FB740050-C867-4D2B-8055-B168978F2600}.Debug|Any CPU.ActiveCfg = Debug|Any CPU
		{FB740050-C867-4D2B-8055-B168978F2600}.Debug|Any CPU.Build.0 = Debug|Any CPU
		{FB740050-C867-4D2B-8055-B168978F2600}.Release|Any CPU.ActiveCfg = Release|Any CPU
		{FB740050-C867-4D2B-8055-B168978F2600}.Release|Any CPU.Build.0 = Release|Any CPU
		{6B7905FF-4477-464B-A0C1-591B6AF9A80B}.Debug|Any CPU.ActiveCfg = Debug|Any CPU
		{6B7905FF-4477-464B-A0C1-591B6AF9A80B}.Debug|Any CPU.Build.0 = Debug|Any CPU
		{6B7905FF-4477-464B-A0C1-591B6AF9A80B}.Release|Any CPU.ActiveCfg = Release|Any CPU
		{6B7905FF-4477-464B-A0C1-591B6AF9A80B}.Release|Any CPU.Build.0 = Release|Any CPU
	EndGlobalSection
	GlobalSection(SolutionProperties) = preSolution
		HideSolutionNode = FALSE
	EndGlobalSection
EndGlobal
